
Microsoft Visual Studio Solution File, Format Version 12.00
# Visual Studio 15
VisualStudioVersion = 15.0.28307.539
MinimumVisualStudioVersion = 10.0.40219.1
Project("{FAE04EC0-301F-11D3-BF4B-00C04F79EFBC}") = "WPF-INotifyPropertyChangedInterface", "WPF-INotifyPropertyChangedInterface\WPF-INotifyPropertyChangedInterface.csproj", "{CC0F2686-B379-436E-8930-CE70342A749F}"
EndProject
Global
	GlobalSection(SolutionConfigurationPlatforms) = preSolution
		Debug|Any CPU = Debug|Any CPU
		Release|Any CPU = Release|Any CPU
	EndGlobalSection
	GlobalSection(ProjectConfigurationPlatforms) = postSolution
		{CC0F2686-B379-436E-8930-CE70342A749F}.Debug|Any CPU.ActiveCfg = Debug|Any CPU
		{CC0F2686-B379-436E-8930-CE70342A749F}.Debug|Any CPU.Build.0 = Debug|Any CPU
		{CC0F2686-B379-436E-8930-CE70342A749F}.Release|Any CPU.ActiveCfg = Release|Any CPU
		{CC0F2686-B379-436E-8930-CE70342A749F}.Release|Any CPU.Build.0 = Release|Any CPU
	EndGlobalSection
	GlobalSection(SolutionProperties) = preSolution
		HideSolutionNode = FALSE
	EndGlobalSection
	GlobalSection(ExtensibilityGlobals) = postSolution
		SolutionGuid = {5CB012D0-D3B5-4F15-B524-15535FF10612}
	EndGlobalSection
EndGlobal
